
Microsoft Visual Studio Solution File, Format Version 12.00
# Visual Studio Version 17
VisualStudioVersion = 17.2.32519.379
MinimumVisualStudioVersion = 10.0.40219.1
Project("{9A19103F-16F7-4668-BE54-9A1E7A4F7556}") = "API", "API\API.csproj", "{4AF4D5BB-D6D0-4D5E-AC53-5241175B3505}"
EndProject
Project("{9092AA53-FB77-4645-B42D-1CCCA6BD08BD}") = "Frontend", "Frontend\Frontend.njsproj", "{67E2018B-FBC5-492A-A2AE-A24C12EFA216}"
EndProject
Global
	GlobalSection(SolutionConfigurationPlatforms) = preSolution
		Debug|Any CPU = Debug|Any CPU
		Release|Any CPU = Release|Any CPU
	EndGlobalSection
	GlobalSection(ProjectConfigurationPlatforms) = postSolution
		{4AF4D5BB-D6D0-4D5E-AC53-5241175B3505}.Debug|Any CPU.ActiveCfg = Debug|Any CPU
		{4AF4D5BB-D6D0-4D5E-AC53-5241175B3505}.Debug|Any CPU.Build.0 = Debug|Any CPU
		{4AF4D5BB-D6D0-4D5E-AC53-5241175B3505}.Release|Any CPU.ActiveCfg = Release|Any CPU
		{4AF4D5BB-D6D0-4D5E-AC53-5241175B3505}.Release|Any CPU.Build.0 = Release|Any CPU
		{67E2018B-FBC5-492A-A2AE-A24C12EFA216}.Debug|Any CPU.ActiveCfg = Debug|Any CPU
		{67E2018B-FBC5-492A-A2AE-A24C12EFA216}.Debug|Any CPU.Build.0 = Debug|Any CPU
		{67E2018B-FBC5-492A-A2AE-A24C12EFA216}.Release|Any CPU.ActiveCfg = Release|Any CPU
		{67E2018B-FBC5-492A-A2AE-A24C12EFA216}.Release|Any CPU.Build.0 = Release|Any CPU
	EndGlobalSection
	GlobalSection(SolutionProperties) = preSolution
		HideSolutionNode = FALSE
	EndGlobalSection
	GlobalSection(ExtensibilityGlobals) = postSolution
		SolutionGuid = {1BC0A1DB-EE4E-4DAF-B167-9BA29B418B73}
	EndGlobalSection
EndGlobal
